
Microsoft Visual Studio Solution File, Format Version 12.00
# Visual Studio Version 16
VisualStudioVersion = 16.0.29123.88
MinimumVisualStudioVersion = 10.0.40219.1
Project("{2150E333-8FDC-42A3-9474-1A3956D46DE8}") = "Presentation", "Presentation", "{CA8175BF-2838-4286-A5EE-A3C790853D89}"
EndProject
Project("{2150E333-8FDC-42A3-9474-1A3956D46DE8}") = "Core", "Core", "{B5EEEF96-889C-4E84-AB4D-B47C71984DC2}"
EndProject
Project("{2150E333-8FDC-42A3-9474-1A3956D46DE8}") = "Infrastructure", "Infrastructure", "{28F6E2E6-ED48-4043-801B-9C56F434DEBA}"
EndProject
Project("{9A19103F-16F7-4668-BE54-9A1E7A4F7556}") = "Core.DomainModel", "Core.DomainModel\Core.DomainModel.csproj", "{0C7B570C-DA42-44C3-8502-E96E8144E69C}"
EndProject
Project("{9A19103F-16F7-4668-BE54-9A1E7A4F7556}") = "Core.DomainServices", "Core.DomainServices\Core.DomainServices.csproj", "{62978E20-E9B0-4186-84C1-CDCFAEF834F9}"
EndProject
Project("{9A19103F-16F7-4668-BE54-9A1E7A4F7556}") = "Core.DmzModel", "Core.DmzModel\Core.DmzModel.csproj", "{7F6875E8-7F51-499B-B838-72B684755DCD}"
EndProject
Project("{9A19103F-16F7-4668-BE54-9A1E7A4F7556}") = "Infrastructure.DataAccess", "Infrastructure.DataAccess\Infrastructure.DataAccess.csproj", "{0439D385-9EC7-4341-AA25-4B93C4877F87}"
EndProject
Project("{9A19103F-16F7-4668-BE54-9A1E7A4F7556}") = "Infrastructure.KMDVacationService", "Infrastructure.KMDVacationService\Infrastructure.KMDVacationService.csproj", "{CEE7ED87-540A-4AAA-B67B-BC22D0BE5C30}"
EndProject
Project("{FAE04EC0-301F-11D3-BF4B-00C04F79EFBC}") = "Presentation.Web", "Presentation.Web\Presentation.Web.csproj", "{8ED7101C-6566-447E-BA59-12BA1CB0020C}"
EndProject
Global
	GlobalSection(SolutionConfigurationPlatforms) = preSolution
		Debug|Any CPU = Debug|Any CPU
		Release|Any CPU = Release|Any CPU
	EndGlobalSection
	GlobalSection(ProjectConfigurationPlatforms) = postSolution
		{0C7B570C-DA42-44C3-8502-E96E8144E69C}.Debug|Any CPU.ActiveCfg = Debug|Any CPU
		{0C7B570C-DA42-44C3-8502-E96E8144E69C}.Debug|Any CPU.Build.0 = Debug|Any CPU
		{0C7B570C-DA42-44C3-8502-E96E8144E69C}.Release|Any CPU.ActiveCfg = Release|Any CPU
		{0C7B570C-DA42-44C3-8502-E96E8144E69C}.Release|Any CPU.Build.0 = Release|Any CPU
		{62978E20-E9B0-4186-84C1-CDCFAEF834F9}.Debug|Any CPU.ActiveCfg = Debug|Any CPU
		{62978E20-E9B0-4186-84C1-CDCFAEF834F9}.Debug|Any CPU.Build.0 = Debug|Any CPU
		{62978E20-E9B0-4186-84C1-CDCFAEF834F9}.Release|Any CPU.ActiveCfg = Release|Any CPU
		{62978E20-E9B0-4186-84C1-CDCFAEF834F9}.Release|Any CPU.Build.0 = Release|Any CPU
		{7F6875E8-7F51-499B-B838-72B684755DCD}.Debug|Any CPU.ActiveCfg = Debug|Any CPU
		{7F6875E8-7F51-499B-B838-72B684755DCD}.Debug|Any CPU.Build.0 = Debug|Any CPU
		{7F6875E8-7F51-499B-B838-72B684755DCD}.Release|Any CPU.ActiveCfg = Release|Any CPU
		{7F6875E8-7F51-499B-B838-72B684755DCD}.Release|Any CPU.Build.0 = Release|Any CPU
		{0439D385-9EC7-4341-AA25-4B93C4877F87}.Debug|Any CPU.ActiveCfg = Debug|Any CPU
		{0439D385-9EC7-4341-AA25-4B93C4877F87}.Debug|Any CPU.Build.0 = Debug|Any CPU
		{0439D385-9EC7-4341-AA25-4B93C4877F87}.Release|Any CPU.ActiveCfg = Release|Any CPU
		{0439D385-9EC7-4341-AA25-4B93C4877F87}.Release|Any CPU.Build.0 = Release|Any CPU
		{CEE7ED87-540A-4AAA-B67B-BC22D0BE5C30}.Debug|Any CPU.ActiveCfg = Debug|Any CPU
		{CEE7ED87-540A-4AAA-B67B-BC22D0BE5C30}.Debug|Any CPU.Build.0 = Debug|Any CPU
		{CEE7ED87-540A-4AAA-B67B-BC22D0BE5C30}.Release|Any CPU.ActiveCfg = Release|Any CPU
		{CEE7ED87-540A-4AAA-B67B-BC22D0BE5C30}.Release|Any CPU.Build.0 = Release|Any CPU
		{8ED7101C-6566-447E-BA59-12BA1CB0020C}.Debug|Any CPU.ActiveCfg = Debug|Any CPU
		{8ED7101C-6566-447E-BA59-12BA1CB0020C}.Debug|Any CPU.Build.0 = Debug|Any CPU
		{8ED7101C-6566-447E-BA59-12BA1CB0020C}.Release|Any CPU.ActiveCfg = Release|Any CPU
		{8ED7101C-6566-447E-BA59-12BA1CB0020C}.Release|Any CPU.Build.0 = Release|Any CPU
	EndGlobalSection
	GlobalSection(SolutionProperties) = preSolution
		HideSolutionNode = FALSE
	EndGlobalSection
	GlobalSection(NestedProjects) = preSolution
		{0C7B570C-DA42-44C3-8502-E96E8144E69C} = {B5EEEF96-889C-4E84-AB4D-B47C71984DC2}
		{62978E20-E9B0-4186-84C1-CDCFAEF834F9} = {B5EEEF96-889C-4E84-AB4D-B47C71984DC2}
		{7F6875E8-7F51-499B-B838-72B684755DCD} = {B5EEEF96-889C-4E84-AB4D-B47C71984DC2}
		{0439D385-9EC7-4341-AA25-4B93C4877F87} = {28F6E2E6-ED48-4043-801B-9C56F434DEBA}
		{CEE7ED87-540A-4AAA-B67B-BC22D0BE5C30} = {28F6E2E6-ED48-4043-801B-9C56F434DEBA}
		{8ED7101C-6566-447E-BA59-12BA1CB0020C} = {CA8175BF-2838-4286-A5EE-A3C790853D89}
	EndGlobalSection
	GlobalSection(ExtensibilityGlobals) = postSolution
		SolutionGuid = {F18EE296-9B09-49CA-8555-1EA63A4708A5}
	EndGlobalSection
EndGlobal
